
Microsoft Visual Studio Solution File, Format Version 12.00
# Visual Studio 15
Project("{FAE04EC0-301F-11D3-BF4B-00C04F79EFBC}") = "OOAD_Labb2", "OOAD_Labb2\OOAD_Labb2.csproj", "{345655D4-8257-44BC-A097-7250E5DB627A}"
EndProject
Global
	GlobalSection(SolutionConfigurationPlatforms) = preSolution
		Debug|anycpu = Debug|anycpu
		Release|anycpu = Release|anycpu
	EndGlobalSection
	GlobalSection(ProjectConfigurationPlatforms) = postSolution
		{345655D4-8257-44BC-A097-7250E5DB627A}.Debug|anycpu.ActiveCfg = Debug|anycpu
		{345655D4-8257-44BC-A097-7250E5DB627A}.Debug|anycpu.Build.0 = Debug|anycpu
		{345655D4-8257-44BC-A097-7250E5DB627A}.Release|anycpu.ActiveCfg = Release|anycpu
		{345655D4-8257-44BC-A097-7250E5DB627A}.Release|anycpu.Build.0 = Release|anycpu
	EndGlobalSection
EndGlobal
